
Microsoft Visual Studio Solution File, Format Version 12.00
# Visual Studio 15
VisualStudioVersion = 15.0.26430.6
MinimumVisualStudioVersion = 10.0.40219.1
Project("{9A19103F-16F7-4668-BE54-9A1E7A4F7556}") = "SerilogSinksPostgreSQL", "SerilogSinksPostgreSQL\SerilogSinksPostgreSQL.csproj", "{69627EEF-98B1-4DD5-9B15-269FC99EA24D}"
EndProject
Project("{9A19103F-16F7-4668-BE54-9A1E7A4F7556}") = "SerilogSinksPostgreSQL.Tests", "SerilogSinksPostgreSQL.Tests\SerilogSinksPostgreSQL.Tests.csproj", "{0BABE88C-2115-4CA4-A834-FE1DE6A757EF}"
EndProject
Project("{9A19103F-16F7-4668-BE54-9A1E7A4F7556}") = "SerilogSinksPostgreSQL.IntegrationTests", "SerilogSinksPostgreSQL.IntegrationTests\SerilogSinksPostgreSQL.IntegrationTests.csproj", "{0C0B147E-5AC2-4419-8BC5-54299F78E3AD}"
EndProject
Global
	GlobalSection(SolutionConfigurationPlatforms) = preSolution
		Debug|Any CPU = Debug|Any CPU
		Release|Any CPU = Release|Any CPU
	EndGlobalSection
	GlobalSection(ProjectConfigurationPlatforms) = postSolution
		{69627EEF-98B1-4DD5-9B15-269FC99EA24D}.Debug|Any CPU.ActiveCfg = Debug|Any CPU
		{69627EEF-98B1-4DD5-9B15-269FC99EA24D}.Debug|Any CPU.Build.0 = Debug|Any CPU
		{69627EEF-98B1-4DD5-9B15-269FC99EA24D}.Release|Any CPU.ActiveCfg = Release|Any CPU
		{69627EEF-98B1-4DD5-9B15-269FC99EA24D}.Release|Any CPU.Build.0 = Release|Any CPU
		{0BABE88C-2115-4CA4-A834-FE1DE6A757EF}.Debug|Any CPU.ActiveCfg = Debug|Any CPU
		{0BABE88C-2115-4CA4-A834-FE1DE6A757EF}.Debug|Any CPU.Build.0 = Debug|Any CPU
		{0BABE88C-2115-4CA4-A834-FE1DE6A757EF}.Release|Any CPU.ActiveCfg = Release|Any CPU
		{0BABE88C-2115-4CA4-A834-FE1DE6A757EF}.Release|Any CPU.Build.0 = Release|Any CPU
		{0C0B147E-5AC2-4419-8BC5-54299F78E3AD}.Debug|Any CPU.ActiveCfg = Debug|Any CPU
		{0C0B147E-5AC2-4419-8BC5-54299F78E3AD}.Debug|Any CPU.Build.0 = Debug|Any CPU
		{0C0B147E-5AC2-4419-8BC5-54299F78E3AD}.Release|Any CPU.ActiveCfg = Release|Any CPU
		{0C0B147E-5AC2-4419-8BC5-54299F78E3AD}.Release|Any CPU.Build.0 = Release|Any CPU
	EndGlobalSection
	GlobalSection(SolutionProperties) = preSolution
		HideSolutionNode = FALSE
	EndGlobalSection
	GlobalSection(ExtensibilityGlobals) = postSolution
		SolutionGuid = {6D3B84F0-0AD6-4B43-89F2-40F164C98081}
	EndGlobalSection
EndGlobal
